
Microsoft Visual Studio Solution File, Format Version 12.00
# Visual Studio Version 16
VisualStudioVersion = 16.0.31424.327
MinimumVisualStudioVersion = 10.0.40219.1
Project("{FAE04EC0-301F-11D3-BF4B-00C04F79EFBC}") = "SeaWarsSite", "SeaWarsSite.csproj", "{5E5DB442-3D6B-4CE4-9961-730371A30513}"
EndProject
Global
	GlobalSection(SolutionConfigurationPlatforms) = preSolution
		Debug|Any CPU = Debug|Any CPU
		Release|Any CPU = Release|Any CPU
	EndGlobalSection
	GlobalSection(ProjectConfigurationPlatforms) = postSolution
		{5E5DB442-3D6B-4CE4-9961-730371A30513}.Debug|Any CPU.ActiveCfg = Debug|Any CPU
		{5E5DB442-3D6B-4CE4-9961-730371A30513}.Debug|Any CPU.Build.0 = Debug|Any CPU
		{5E5DB442-3D6B-4CE4-9961-730371A30513}.Release|Any CPU.ActiveCfg = Release|Any CPU
		{5E5DB442-3D6B-4CE4-9961-730371A30513}.Release|Any CPU.Build.0 = Release|Any CPU
	EndGlobalSection
	GlobalSection(SolutionProperties) = preSolution
		HideSolutionNode = FALSE
	EndGlobalSection
	GlobalSection(ExtensibilityGlobals) = postSolution
		SolutionGuid = {66B3427F-6710-4A9B-A21A-0F6E8610E5DD}
	EndGlobalSection
EndGlobal
